{
  "requires": true,
  "lockfileVersion": 1,
  "dependencies": {
    "bson-objectid": {
      "version": "1.3.0",
      "resolved": "https://registry.npmjs.org/bson-objectid/-/bson-objectid-1.3.0.tgz",
      "integrity": "sha512-YcB+lRJEEEIcHNLKyhmHujW7OCVE3+xr9IpEhlprBZnXgF3hqeePeexIsAaOtu1SbkgZRlJVUxvYZ3ngUOyIew=="
    }
  }
}
